
Microsoft Visual Studio Solution File, Format Version 12.00
# Visual Studio Version 17
VisualStudioVersion = 17.7.34009.444
MinimumVisualStudioVersion = 10.0.40219.1
Project("{9A19103F-16F7-4668-BE54-9A1E7A4F7556}") = "AvaBot.Application", "src\AvaBot.Application\AvaBot.Application.csproj", "{066793CE-8A91-4B01-9E88-A5D58C275EBE}"
EndProject
Project("{9A19103F-16F7-4668-BE54-9A1E7A4F7556}") = "AvaBot.API", "src\AvaBot.API\AvaBot.API.csproj", "{1178711C-EE93-44DF-A210-78AC6D11C791}"
EndProject
Project("{9A19103F-16F7-4668-BE54-9A1E7A4F7556}") = "AvaBot.Domain", "src\AvaBot.Domain\AvaBot.Domain.csproj", "{8F53B886-72D4-4917-8894-711A3727FE24}"
EndProject
Project("{9A19103F-16F7-4668-BE54-9A1E7A4F7556}") = "AvaBot.Infrastructure", "src\AvaBot.Infrastructure\AvaBot.Infrastructure.csproj", "{1C07F5BD-677B-4541-8783-BB2862493DB8}"
EndProject
Global
	GlobalSection(SolutionConfigurationPlatforms) = preSolution
		Debug|Any CPU = Debug|Any CPU
		Release|Any CPU = Release|Any CPU
	EndGlobalSection
	GlobalSection(ProjectConfigurationPlatforms) = postSolution
		{066793CE-8A91-4B01-9E88-A5D58C275EBE}.Debug|Any CPU.ActiveCfg = Debug|Any CPU
		{066793CE-8A91-4B01-9E88-A5D58C275EBE}.Debug|Any CPU.Build.0 = Debug|Any CPU
		{066793CE-8A91-4B01-9E88-A5D58C275EBE}.Release|Any CPU.ActiveCfg = Release|Any CPU
		{066793CE-8A91-4B01-9E88-A5D58C275EBE}.Release|Any CPU.Build.0 = Release|Any CPU
		{1178711C-EE93-44DF-A210-78AC6D11C791}.Debug|Any CPU.ActiveCfg = Debug|Any CPU
		{1178711C-EE93-44DF-A210-78AC6D11C791}.Debug|Any CPU.Build.0 = Debug|Any CPU
		{1178711C-EE93-44DF-A210-78AC6D11C791}.Release|Any CPU.ActiveCfg = Release|Any CPU
		{1178711C-EE93-44DF-A210-78AC6D11C791}.Release|Any CPU.Build.0 = Release|Any CPU
		{8F53B886-72D4-4917-8894-711A3727FE24}.Debug|Any CPU.ActiveCfg = Debug|Any CPU
		{8F53B886-72D4-4917-8894-711A3727FE24}.Debug|Any CPU.Build.0 = Debug|Any CPU
		{8F53B886-72D4-4917-8894-711A3727FE24}.Release|Any CPU.ActiveCfg = Release|Any CPU
		{8F53B886-72D4-4917-8894-711A3727FE24}.Release|Any CPU.Build.0 = Release|Any CPU
		{1C07F5BD-677B-4541-8783-BB2862493DB8}.Debug|Any CPU.ActiveCfg = Debug|Any CPU
		{1C07F5BD-677B-4541-8783-BB2862493DB8}.Debug|Any CPU.Build.0 = Debug|Any CPU
		{1C07F5BD-677B-4541-8783-BB2862493DB8}.Release|Any CPU.ActiveCfg = Release|Any CPU
		{1C07F5BD-677B-4541-8783-BB2862493DB8}.Release|Any CPU.Build.0 = Release|Any CPU
	EndGlobalSection
	GlobalSection(SolutionProperties) = preSolution
		HideSolutionNode = FALSE
	EndGlobalSection
	GlobalSection(ExtensibilityGlobals) = postSolution
		SolutionGuid = {A8499FBD-9F86-4463-ABE5-5C0CE7358F49}
	EndGlobalSection
EndGlobal
